PODS:
  - IGDB-SWIFT-API (0.2.1):
    - Just
    - SwiftProtobuf (~> 1.0)
  - Just (0.8.0)
  - SwiftProtobuf (1.6.0)

DEPENDENCIES:
  - IGDB-SWIFT-API (from `https://github.com/husnjak/IGDB-API-SWIFT.git`)

SPEC REPOS:
  https://github.com/cocoapods/specs.git:
    - Just
    - SwiftProtobuf

EXTERNAL SOURCES:
  IGDB-SWIFT-API:
    :git: https://github.com/husnjak/IGDB-API-SWIFT.git

CHECKOUT OPTIONS:
  IGDB-SWIFT-API:
    :commit: 7a64a4a25c357709337de1af94d05eaccc100199
    :git: https://github.com/husnjak/IGDB-API-SWIFT.git

SPEC CHECKSUMS:
  IGDB-SWIFT-API: 8171c8cff2a6cdfe51b8593a9ec1a0a557afb692
  Just: aef5105fb2c7069b65aa6f21aec8f429057f9c19
  SwiftProtobuf: e905ca1366405696411aaf174411c4b19c0ef73d

PODFILE CHECKSUM: 8890d64bf3e729b0b9c3d65f0d9a239c360ec9b2

COCOAPODS: 1.7.1
